
Microsoft Visual Studio Solution File, Format Version 12.00
# Visual Studio 15
VisualStudioVersion = 15.0.26228.9
MinimumVisualStudioVersion = 10.0.40219.1
Project("{FAE04EC0-301F-11D3-BF4B-00C04F79EFBC}") = "FeederAPI", "FeederAPI\FeederAPI.csproj", "{ACA7B6BA-5E62-49B6-9078-8CA67E1F2D39}"
EndProject
Project("{FAE04EC0-301F-11D3-BF4B-00C04F79EFBC}") = "FeederAPI.Tests", "FeederAPI.Tests\FeederAPI.Tests.csproj", "{AC0438E3-3040-49C7-B740-37FE9D7167A8}"
EndProject
Global
	GlobalSection(SolutionConfigurationPlatforms) = preSolution
		Debug|Any CPU = Debug|Any CPU
		Debug|ARM = Debug|ARM
		Debug|x64 = Debug|x64
		Debug|x86 = Debug|x86
		Release|Any CPU = Release|Any CPU
		Release|ARM = Release|ARM
		Release|x64 = Release|x64
		Release|x86 = Release|x86
	EndGlobalSection
	GlobalSection(ProjectConfigurationPlatforms) = postSolution
		{ACA7B6BA-5E62-49B6-9078-8CA67E1F2D39}.Debug|Any CPU.ActiveCfg = Debug|Any CPU
		{ACA7B6BA-5E62-49B6-9078-8CA67E1F2D39}.Debug|Any CPU.Build.0 = Debug|Any CPU
		{ACA7B6BA-5E62-49B6-9078-8CA67E1F2D39}.Debug|ARM.ActiveCfg = Debug|Any CPU
		{ACA7B6BA-5E62-49B6-9078-8CA67E1F2D39}.Debug|ARM.Build.0 = Debug|Any CPU
		{ACA7B6BA-5E62-49B6-9078-8CA67E1F2D39}.Debug|x64.ActiveCfg = Debug|Any CPU
		{ACA7B6BA-5E62-49B6-9078-8CA67E1F2D39}.Debug|x64.Build.0 = Debug|Any CPU
		{ACA7B6BA-5E62-49B6-9078-8CA67E1F2D39}.Debug|x86.ActiveCfg = Debug|Any CPU
		{ACA7B6BA-5E62-49B6-9078-8CA67E1F2D39}.Debug|x86.Build.0 = Debug|Any CPU
		{ACA7B6BA-5E62-49B6-9078-8CA67E1F2D39}.Release|Any CPU.ActiveCfg = Release|Any CPU
		{ACA7B6BA-5E62-49B6-9078-8CA67E1F2D39}.Release|Any CPU.Build.0 = Release|Any CPU
		{ACA7B6BA-5E62-49B6-9078-8CA67E1F2D39}.Release|ARM.ActiveCfg = Release|Any CPU
		{ACA7B6BA-5E62-49B6-9078-8CA67E1F2D39}.Release|ARM.Build.0 = Release|Any CPU
		{ACA7B6BA-5E62-49B6-9078-8CA67E1F2D39}.Release|x64.ActiveCfg = Release|Any CPU
		{ACA7B6BA-5E62-49B6-9078-8CA67E1F2D39}.Release|x64.Build.0 = Release|Any CPU
		{ACA7B6BA-5E62-49B6-9078-8CA67E1F2D39}.Release|x86.ActiveCfg = Release|Any CPU
		{ACA7B6BA-5E62-49B6-9078-8CA67E1F2D39}.Release|x86.Build.0 = Release|Any CPU
		{AC0438E3-3040-49C7-B740-37FE9D7167A8}.Debug|Any CPU.ActiveCfg = Debug|Any CPU
		{AC0438E3-3040-49C7-B740-37FE9D7167A8}.Debug|Any CPU.Build.0 = Debug|Any CPU
		{AC0438E3-3040-49C7-B740-37FE9D7167A8}.Debug|ARM.ActiveCfg = Debug|Any CPU
		{AC0438E3-3040-49C7-B740-37FE9D7167A8}.Debug|ARM.Build.0 = Debug|Any CPU
		{AC0438E3-3040-49C7-B740-37FE9D7167A8}.Debug|x64.ActiveCfg = Debug|Any CPU
		{AC0438E3-3040-49C7-B740-37FE9D7167A8}.Debug|x64.Build.0 = Debug|Any CPU
		{AC0438E3-3040-49C7-B740-37FE9D7167A8}.Debug|x86.ActiveCfg = Debug|Any CPU
		{AC0438E3-3040-49C7-B740-37FE9D7167A8}.Debug|x86.Build.0 = Debug|Any CPU
		{AC0438E3-3040-49C7-B740-37FE9D7167A8}.Release|Any CPU.ActiveCfg = Release|Any CPU
		{AC0438E3-3040-49C7-B740-37FE9D7167A8}.Release|Any CPU.Build.0 = Release|Any CPU
		{AC0438E3-3040-49C7-B740-37FE9D7167A8}.Release|ARM.ActiveCfg = Release|Any CPU
		{AC0438E3-3040-49C7-B740-37FE9D7167A8}.Release|ARM.Build.0 = Release|Any CPU
		{AC0438E3-3040-49C7-B740-37FE9D7167A8}.Release|x64.ActiveCfg = Release|Any CPU
		{AC0438E3-3040-49C7-B740-37FE9D7167A8}.Release|x64.Build.0 = Release|Any CPU
		{AC0438E3-3040-49C7-B740-37FE9D7167A8}.Release|x86.ActiveCfg = Release|Any CPU
		{AC0438E3-3040-49C7-B740-37FE9D7167A8}.Release|x86.Build.0 = Release|Any CPU
	EndGlobalSection
	GlobalSection(SolutionProperties) = preSolution
		HideSolutionNode = FALSE
	EndGlobalSection
EndGlobal
